// !$*UTF8*$!
{
	archiveVersion = 1;
	classes = {
	};
	objectVersion = 56;
	objects = {

/* Begin PBXBuildFile section */
		14A041002B9ADC7A00389C8F /* ReminderViewController+Section.swift in Sources */ = {isa = PBXBuildFile; fileRef = 14A040FF2B9ADC7A00389C8F /* ReminderViewController+Section.swift */; };
		14AC34E72B68A606001AF47D /* AppDelegate.swift in Sources */ = {isa = PBXBuildFile; fileRef = 14AC34E62B68A606001AF47D /* AppDelegate.swift */; };
		14AC34E92B68A606001AF47D /* SceneDelegate.swift in Sources */ = {isa = PBXBuildFile; fileRef = 14AC34E82B68A606001AF47D /* SceneDelegate.swift */; };
		14AC34EB2B68A606001AF47D /* ReminderListViewController.swift in Sources */ = {isa = PBXBuildFile; fileRef = 14AC34EA2B68A606001AF47D /* ReminderListViewController.swift */; };
		14AC34EE2B68A606001AF47D /* Main.storyboard in Resources */ = {isa = PBXBuildFile; fileRef = 14AC34EC2B68A606001AF47D /* Main.storyboard */; };
		14AC34F02B68A607001AF47D /* Assets.xcassets in Resources */ = {isa = PBXBuildFile; fileRef = 14AC34EF2B68A607001AF47D /* Assets.xcassets */; };
		14AC34F32B68A607001AF47D /* LaunchScreen.storyboard in Resources */ = {isa = PBXBuildFile; fileRef = 14AC34F12B68A607001AF47D /* LaunchScreen.storyboard */; };
		14AC34FC2B68AAB5001AF47D /* Reminder.swift in Sources */ = {isa = PBXBuildFile; fileRef = 14AC34FB2B68AAB5001AF47D /* Reminder.swift */; };
		14ACF9802B99843B00AF36D6 /* ReminderViewController.swift in Sources */ = {isa = PBXBuildFile; fileRef = 14ACF97F2B99843B00AF36D6 /* ReminderViewController.swift */; };
		14ACF9832B998A8E00AF36D6 /* ReminderViewController+Row.swift in Sources */ = {isa = PBXBuildFile; fileRef = 14ACF9822B998A8E00AF36D6 /* ReminderViewController+Row.swift */; };
		14AD35442BA05882001A360F /* ReminderViewController+Cell.swift in Sources */ = {isa = PBXBuildFile; fileRef = 14AD35432BA05882001A360F /* ReminderViewController+Cell.swift */; };
		14AD35472BA06037001A360F /* UIView+PinnedSubview.swift in Sources */ = {isa = PBXBuildFile; fileRef = 14AD35462BA06037001A360F /* UIView+PinnedSubview.swift */; };
		14B2AEF32B72523C000A46EE /* ReminderListViewController+DataSource.swift in Sources */ = {isa = PBXBuildFile; fileRef = 14B2AEF22B72523C000A46EE /* ReminderListViewController+DataSource.swift */; };
		14B2AEF52B725F0A000A46EE /* UIColor+Today.swift in Sources */ = {isa = PBXBuildFile; fileRef = 14B2AEF42B725F0A000A46EE /* UIColor+Today.swift */; };
		14F39EEB2B7CCC400050D24E /* ReminderDoneButton.swift in Sources */ = {isa = PBXBuildFile; fileRef = 14F39EEA2B7CCC400050D24E /* ReminderDoneButton.swift */; };
		14F39EED2B7CCD690050D24E /* ReminderListViewController+Actions.swift in Sources */ = {isa = PBXBuildFile; fileRef = 14F39EEC2B7CCD690050D24E /* ReminderListViewController+Actions.swift */; };
		14F7549F2B6B743E00B35371 /* Date+Today.swift in Sources */ = {isa = PBXBuildFile; fileRef = 14F7549E2B6B743E00B35371 /* Date+Today.swift */; };
/* End PBXBuildFile section */

/* Begin PBXFileReference section */
		14A040FF2B9ADC7A00389C8F /* ReminderViewController+Section.swift */ = {isa = PBXFileReference; lastKnownFileType = sourcecode.swift; path = "ReminderViewController+Section.swift"; sourceTree = "<group>"; };
		14AC34E32B68A606001AF47D /* Today.app */ = {isa = PBXFileReference; explicitFileType = wrapper.application; includeInIndex = 0; path = Today.app; sourceTree = BUILT_PRODUCTS_DIR; };
		14AC34E62B68A606001AF47D /* AppDelegate.swift */ = {isa = PBXFileReference; lastKnownFileType = sourcecode.swift; path = AppDelegate.swift; sourceTree = "<group>"; };
		14AC34E82B68A606001AF47D /* SceneDelegate.swift */ = {isa = PBXFileReference; lastKnownFileType = sourcecode.swift; path = SceneDelegate.swift; sourceTree = "<group>"; };
		14AC34EA2B68A606001AF47D /* ReminderListViewController.swift */ = {isa = PBXFileReference; lastKnownFileType = sourcecode.swift; path = ReminderListViewController.swift; sourceTree = "<group>"; };
		14AC34ED2B68A606001AF47D /* Base */ = {isa = PBXFileReference; lastKnownFileType = file.storyboard; name = Base; path = Base.lproj/Main.storyboard; sourceTree = "<group>"; };
		14AC34EF2B68A607001AF47D /* Assets.xcassets */ = {isa = PBXFileReference; lastKnownFileType = folder.assetcatalog; path = Assets.xcassets; sourceTree = "<group>"; };
		14AC34F22B68A607001AF47D /* Base */ = {isa = PBXFileReference; lastKnownFileType = file.storyboard; name = Base; path = Base.lproj/LaunchScreen.storyboard; sourceTree = "<group>"; };
		14AC34F42B68A607001AF47D /* Info.plist */ = {isa = PBXFileReference; lastKnownFileType = text.plist.xml; path = Info.plist; sourceTree = "<group>"; };
		14AC34FB2B68AAB5001AF47D /* Reminder.swift */ = {isa = PBXFileReference; lastKnownFileType = sourcecode.swift; path = Reminder.swift; sourceTree = "<group>"; };
		14ACF97F2B99843B00AF36D6 /* ReminderViewController.swift */ = {isa = PBXFileReference; lastKnownFileType = sourcecode.swift; path = ReminderViewController.swift; sourceTree = "<group>"; };
		14ACF9822B998A8E00AF36D6 /* ReminderViewController+Row.swift */ = {isa = PBXFileReference; lastKnownFileType = sourcecode.swift; path = "ReminderViewController+Row.swift"; sourceTree = "<group>"; };
		14AD35432BA05882001A360F /* ReminderViewController+Cell.swift */ = {isa = PBXFileReference; lastKnownFileType = sourcecode.swift; path = "ReminderViewController+Cell.swift"; sourceTree = "<group>"; };
		14AD35462BA06037001A360F /* UIView+PinnedSubview.swift */ = {isa = PBXFileReference; lastKnownFileType = sourcecode.swift; path = "UIView+PinnedSubview.swift"; sourceTree = "<group>"; };
		14B2AEF22B72523C000A46EE /* ReminderListViewController+DataSource.swift */ = {isa = PBXFileReference; lastKnownFileType = sourcecode.swift; path = "ReminderListViewController+DataSource.swift"; sourceTree = "<group>"; };
		14B2AEF42B725F0A000A46EE /* UIColor+Today.swift */ = {isa = PBXFileReference; lastKnownFileType = sourcecode.swift; path = "UIColor+Today.swift"; sourceTree = "<group>"; };
		14F39EEA2B7CCC400050D24E /* ReminderDoneButton.swift */ = {isa = PBXFileReference; lastKnownFileType = sourcecode.swift; path = ReminderDoneButton.swift; sourceTree = "<group>"; };
		14F39EEC2B7CCD690050D24E /* ReminderListViewController+Actions.swift */ = {isa = PBXFileReference; lastKnownFileType = sourcecode.swift; path = "ReminderListViewController+Actions.swift"; sourceTree = "<group>"; };
		14F7549E2B6B743E00B35371 /* Date+Today.swift */ = {isa = PBXFileReference; lastKnownFileType = sourcecode.swift; path = "Date+Today.swift"; sourceTree = "<group>"; };
/* End PBXFileReference section */

/* Begin PBXFrameworksBuildPhase section */
		14AC34E02B68A606001AF47D /* Frameworks */ = {
			isa = PBXFrameworksBuildPhase;
			buildActionMask = 2147483647;
			files = (
			);
			runOnlyForDeploymentPostprocessing = 0;
		};
/* End PBXFrameworksBuildPhase section */

/* Begin PBXGroup section */
		14AC34DA2B68A606001AF47D = {
			isa = PBXGroup;
			children = (
				14AC34E52B68A606001AF47D /* Today */,
				14AC34E42B68A606001AF47D /* Products */,
			);
			sourceTree = "<group>";
		};
		14AC34E42B68A606001AF47D /* Products */ = {
			isa = PBXGroup;
			children = (
				14AC34E32B68A606001AF47D /* Today.app */,
			);
			name = Products;
			sourceTree = "<group>";
		};
		14AC34E52B68A606001AF47D /* Today */ = {
			isa = PBXGroup;
			children = (
				14AC34FA2B68AA51001AF47D /* Models */,
				14AC34E62B68A606001AF47D /* AppDelegate.swift */,
				14AC34E82B68A606001AF47D /* SceneDelegate.swift */,
				14AD35452BA05FC3001A360F /* ContentViews */,
				14B2AEF12B7251EE000A46EE /* ListViewController */,
				14ACF9812B998A4700AF36D6 /* DetailViewController */,
				14AC34EC2B68A606001AF47D /* Main.storyboard */,
				14AC34EF2B68A607001AF47D /* Assets.xcassets */,
				14AC34F12B68A607001AF47D /* LaunchScreen.storyboard */,
				14AC34F42B68A607001AF47D /* Info.plist */,
			);
			path = Today;
			sourceTree = "<group>";
		};
		14AC34FA2B68AA51001AF47D /* Models */ = {
			isa = PBXGroup;
			children = (
				14AC34FB2B68AAB5001AF47D /* Reminder.swift */,
				14F7549E2B6B743E00B35371 /* Date+Today.swift */,
				14B2AEF42B725F0A000A46EE /* UIColor+Today.swift */,
			);
			path = Models;
			sourceTree = "<group>";
		};
		14ACF9812B998A4700AF36D6 /* DetailViewController */ = {
			isa = PBXGroup;
			children = (
				14ACF97F2B99843B00AF36D6 /* ReminderViewController.swift */,
				14ACF9822B998A8E00AF36D6 /* ReminderViewController+Row.swift */,
				14A040FF2B9ADC7A00389C8F /* ReminderViewController+Section.swift */,
				14AD35432BA05882001A360F /* ReminderViewController+Cell.swift */,
			);
			path = DetailViewController;
			sourceTree = "<group>";
		};
		14AD35452BA05FC3001A360F /* ContentViews */ = {
			isa = PBXGroup;
			children = (
				14AD35462BA06037001A360F /* UIView+PinnedSubview.swift */,
			);
			path = ContentViews;
			sourceTree = "<group>";
		};
		14B2AEF12B7251EE000A46EE /* ListViewController */ = {
			isa = PBXGroup;
			children = (
				14AC34EA2B68A606001AF47D /* ReminderListViewController.swift */,
				14B2AEF22B72523C000A46EE /* ReminderListViewController+DataSource.swift */,
				14F39EEA2B7CCC400050D24E /* ReminderDoneButton.swift */,
				14F39EEC2B7CCD690050D24E /* ReminderListViewController+Actions.swift */,
			);
			path = ListViewController;
			sourceTree = "<group>";
		};
/* End PBXGroup section */

/* Begin PBXNativeTarget section */
		14AC34E22B68A606001AF47D /* Today */ = {
			isa = PBXNativeTarget;
			buildConfigurationList = 14AC34F72B68A607001AF47D /* Build configuration list for PBXNativeTarget "Today" */;
			buildPhases = (
				14AC34DF2B68A606001AF47D /* Sources */,
				14AC34E02B68A606001AF47D /* Frameworks */,
				14AC34E12B68A606001AF47D /* Resources */,
			);
			buildRules = (
			);
			dependencies = (
			);
			name = Today;
			productName = Today;
			productReference = 14AC34E32B68A606001AF47D /* Today.app */;
			productType = "com.apple.product-type.application";
		};
/* End PBXNativeTarget section */

/* Begin PBXProject section */
		14AC34DB2B68A606001AF47D /* Project object */ = {
			isa = PBXProject;
			attributes = {
				BuildIndependentTargetsInParallel = 1;
				LastSwiftUpdateCheck = 1510;
				LastUpgradeCheck = 1510;
				TargetAttributes = {
					14AC34E22B68A606001AF47D = {
						CreatedOnToolsVersion = 15.1;
					};
				};
			};
			buildConfigurationList = 14AC34DE2B68A606001AF47D /* Build configuration list for PBXProject "Today" */;
			compatibilityVersion = "Xcode 14.0";
			developmentRegion = en;
			hasScannedForEncodings = 0;
			knownRegions = (
				en,
				Base,
			);
			mainGroup = 14AC34DA2B68A606001AF47D;
			productRefGroup = 14AC34E42B68A606001AF47D /* Products */;
			projectDirPath = "";
			projectRoot = "";
			targets = (
				14AC34E22B68A606001AF47D /* Today */,
			);
		};
/* End PBXProject section */

/* Begin PBXResourcesBuildPhase section */
		14AC34E12B68A606001AF47D /* Resources */ = {
			isa = PBXResourcesBuildPhase;
			buildActionMask = 2147483647;
			files = (
				14AC34F32B68A607001AF47D /* LaunchScreen.storyboard in Resources */,
				14AC34F02B68A607001AF47D /* Assets.xcassets in Resources */,
				14AC34EE2B68A606001AF47D /* Main.storyboard in Resources */,
			);
			runOnlyForDeploymentPostprocessing = 0;
		};
/* End PBXResourcesBuildPhase section */

/* Begin PBXSourcesBuildPhase section */
		14AC34DF2B68A606001AF47D /* Sources */ = {
			isa = PBXSourcesBuildPhase;
			buildActionMask = 2147483647;
			files = (
				14AD35472BA06037001A360F /* UIView+PinnedSubview.swift in Sources */,
				14A041002B9ADC7A00389C8F /* ReminderViewController+Section.swift in Sources */,
				14B2AEF52B725F0A000A46EE /* UIColor+Today.swift in Sources */,
				14AD35442BA05882001A360F /* ReminderViewController+Cell.swift in Sources */,
				14F39EED2B7CCD690050D24E /* ReminderListViewController+Actions.swift in Sources */,
				14ACF9802B99843B00AF36D6 /* ReminderViewController.swift in Sources */,
				14AC34EB2B68A606001AF47D /* ReminderListViewController.swift in Sources */,
				14F7549F2B6B743E00B35371 /* Date+Today.swift in Sources */,
				14ACF9832B998A8E00AF36D6 /* ReminderViewController+Row.swift in Sources */,
				14F39EEB2B7CCC400050D24E /* ReminderDoneButton.swift in Sources */,
				14AC34E72B68A606001AF47D /* AppDelegate.swift in Sources */,
				14AC34E92B68A606001AF47D /* SceneDelegate.swift in Sources */,
				14AC34FC2B68AAB5001AF47D /* Reminder.swift in Sources */,
				14B2AEF32B72523C000A46EE /* ReminderListViewController+DataSource.swift in Sources */,
			);
			runOnlyForDeploymentPostprocessing = 0;
		};
/* End PBXSourcesBuildPhase section */

/* Begin PBXVariantGroup section */
		14AC34EC2B68A606001AF47D /* Main.storyboard */ = {
			isa = PBXVariantGroup;
			children = (
				14AC34ED2B68A606001AF47D /* Base */,
			);
			name = Main.storyboard;
			sourceTree = "<group>";
		};
		14AC34F12B68A607001AF47D /* LaunchScreen.storyboard */ = {
			isa = PBXVariantGroup;
			children = (
				14AC34F22B68A607001AF47D /* Base */,
			);
			name = LaunchScreen.storyboard;
			sourceTree = "<group>";
		};
/* End PBXVariantGroup section */

/* Begin XCBuildConfiguration section */
		14AC34F52B68A607001AF47D /* Debug */ = {
			isa = XCBuildConfiguration;
			buildSettings = {
				ALWAYS_SEARCH_USER_PATHS = NO;
				ASSETCATALOG_COMPILER_GENERATE_SWIFT_ASSET_SYMBOL_EXTENSIONS = YES;
				CLANG_ANALYZER_NONNULL = YES;
				CLANG_ANALYZER_NUMBER_OBJECT_CONVERSION = YES_AGGRESSIVE;
				CLANG_CXX_LANGUAGE_STANDARD = "gnu++20";
				CLANG_ENABLE_MODULES = YES;
				CLANG_ENABLE_OBJC_ARC = YES;
				CLANG_ENABLE_OBJC_WEAK = YES;
				CLANG_WARN_BLOCK_CAPTURE_AUTORELEASING = YES;
				CLANG_WARN_BOOL_CONVERSION = YES;
				CLANG_WARN_COMMA = YES;
				CLANG_WARN_CONSTANT_CONVERSION = YES;
				CLANG_WARN_DEPRECATED_OBJC_IMPLEMENTATIONS = YES;
				CLANG_WARN_DIRECT_OBJC_ISA_USAGE = YES_ERROR;
				CLANG_WARN_DOCUMENTATION_COMMENTS = YES;
				CLANG_WARN_EMPTY_BODY = YES;
				CLANG_WARN_ENUM_CONVERSION = YES;
				CLANG_WARN_INFINITE_RECURSION = YES;
				CLANG_WARN_INT_CONVERSION = YES;
				CLANG_WARN_NON_LITERAL_NULL_CONVERSION = YES;
				CLANG_WARN_OBJC_IMPLICIT_RETAIN_SELF = YES;
				CLANG_WARN_OBJC_LITERAL_CONVERSION = YES;
				CLANG_WARN_OBJC_ROOT_CLASS = YES_ERROR;
				CLANG_WARN_QUOTED_INCLUDE_IN_FRAMEWORK_HEADER = YES;
				CLANG_WARN_RANGE_LOOP_ANALYSIS = YES;
				CLANG_WARN_STRICT_PROTOTYPES = YES;
				CLANG_WARN_SUSPICIOUS_MOVE = YES;
				CLANG_WARN_UNGUARDED_AVAILABILITY = YES_AGGRESSIVE;
				CLANG_WARN_UNREACHABLE_CODE = YES;
				CLANG_WARN__DUPLICATE_METHOD_MATCH = YES;
				COPY_PHASE_STRIP = NO;
				DEBUG_INFORMATION_FORMAT = dwarf;
				ENABLE_STRICT_OBJC_MSGSEND = YES;
				ENABLE_TESTABILITY = YES;
				ENABLE_USER_SCRIPT_SANDBOXING = YES;
				GCC_C_LANGUAGE_STANDARD = gnu17;
				GCC_DYNAMIC_NO_PIC = NO;
				GCC_NO_COMMON_BLOCKS = YES;
				GCC_OPTIMIZATION_LEVEL = 0;
				GCC_PREPROCESSOR_DEFINITIONS = (
					"DEBUG=1",
					"$(inherited)",
				);
				GCC_WARN_64_TO_32_BIT_CONVERSION = YES;
				GCC_WARN_ABOUT_RETURN_TYPE = YES_ERROR;
				GCC_WARN_UNDECLARED_SELECTOR = YES;
				GCC_WARN_UNINITIALIZED_AUTOS = YES_AGGRESSIVE;
				GCC_WARN_UNUSED_FUNCTION = YES;
				GCC_WARN_UNUSED_VARIABLE = YES;
				IPHONEOS_DEPLOYMENT_TARGET = 17.2;
				LOCALIZATION_PREFERS_STRING_CATALOGS = YES;
				MTL_ENABLE_DEBUG_INFO = INCLUDE_SOURCE;
				MTL_FAST_MATH = YES;
				ONLY_ACTIVE_ARCH = YES;
				SDKROOT = iphoneos;
				SWIFT_ACTIVE_COMPILATION_CONDITIONS = "DEBUG $(inherited)";
				SWIFT_OPTIMIZATION_LEVEL = "-Onone";
			};
			name = Debug;
		};
		14AC34F62B68A607001AF47D /* Release */ = {
			isa = XCBuildConfiguration;
			buildSettings = {
				ALWAYS_SEARCH_USER_PATHS = NO;
				ASSETCATALOG_COMPILER_GENERATE_SWIFT_ASSET_SYMBOL_EXTENSIONS = YES;
				CLANG_ANALYZER_NONNULL = YES;
				CLANG_ANALYZER_NUMBER_OBJECT_CONVERSION = YES_AGGRESSIVE;
				CLANG_CXX_LANGUAGE_STANDARD = "gnu++20";
				CLANG_ENABLE_MODULES = YES;
				CLANG_ENABLE_OBJC_ARC = YES;
				CLANG_ENABLE_OBJC_WEAK = YES;
				CLANG_WARN_BLOCK_CAPTURE_AUTORELEASING = YES;
				CLANG_WARN_BOOL_CONVERSION = YES;
				CLANG_WARN_COMMA = YES;
				CLANG_WARN_CONSTANT_CONVERSION = YES;
				CLANG_WARN_DEPRECATED_OBJC_IMPLEMENTATIONS = YES;
				CLANG_WARN_DIRECT_OBJC_ISA_USAGE = YES_ERROR;
				CLANG_WARN_DOCUMENTATION_COMMENTS = YES;
				CLANG_WARN_EMPTY_BODY = YES;
				CLANG_WARN_ENUM_CONVERSION = YES;
				CLANG_WARN_INFINITE_RECURSION = YES;
				CLANG_WARN_INT_CONVERSION = YES;
				CLANG_WARN_NON_LITERAL_NULL_CONVERSION = YES;
				CLANG_WARN_OBJC_IMPLICIT_RETAIN_SELF = YES;
				CLANG_WARN_OBJC_LITERAL_CONVERSION = YES;
				CLANG_WARN_OBJC_ROOT_CLASS = YES_ERROR;
				CLANG_WARN_QUOTED_INCLUDE_IN_FRAMEWORK_HEADER = YES;
				CLANG_WARN_RANGE_LOOP_ANALYSIS = YES;
				CLANG_WARN_STRICT_PROTOTYPES = YES;
				CLANG_WARN_SUSPICIOUS_MOVE = YES;
				CLANG_WARN_UNGUARDED_AVAILABILITY = YES_AGGRESSIVE;
				CLANG_WARN_UNREACHABLE_CODE = YES;
				CLANG_WARN__DUPLICATE_METHOD_MATCH = YES;
				COPY_PHASE_STRIP = NO;
				DEBUG_INFORMATION_FORMAT = "dwarf-with-dsym";
				ENABLE_NS_ASSERTIONS = NO;
				ENABLE_STRICT_OBJC_MSGSEND = YES;
				ENABLE_USER_SCRIPT_SANDBOXING = YES;
				GCC_C_LANGUAGE_STANDARD = gnu17;
				GCC_NO_COMMON_BLOCKS = YES;
				GCC_WARN_64_TO_32_BIT_CONVERSION = YES;
				GCC_WARN_ABOUT_RETURN_TYPE = YES_ERROR;
				GCC_WARN_UNDECLARED_SELECTOR = YES;
				GCC_WARN_UNINITIALIZED_AUTOS = YES_AGGRESSIVE;
				GCC_WARN_UNUSED_FUNCTION = YES;
				GCC_WARN_UNUSED_VARIABLE = YES;
				IPHONEOS_DEPLOYMENT_TARGET = 17.2;
				LOCALIZATION_PREFERS_STRING_CATALOGS = YES;
				MTL_ENABLE_DEBUG_INFO = NO;
				MTL_FAST_MATH = YES;
				SDKROOT = iphoneos;
				SWIFT_COMPILATION_MODE = wholemodule;
				VALIDATE_PRODUCT = YES;
			};
			name = Release;
		};
		14AC34F82B68A607001AF47D /* Debug */ = {
			isa = XCBuildConfiguration;
			buildSettings = {
				ASSETCATALOG_COMPILER_APPICON_NAME = AppIcon;
				ASSETCATALOG_COMPILER_GLOBAL_ACCENT_COLOR_NAME = AccentColor;
				CODE_SIGN_STYLE = Automatic;
				CURRENT_PROJECT_VERSION = 1;
				DEVELOPMENT_TEAM = ZQV4ZDQNW5;
				GENERATE_INFOPLIST_FILE = YES;
				INFOPLIST_FILE = Today/Info.plist;
				INFOPLIST_KEY_UIApplicationSupportsIndirectInputEvents = YES;
				INFOPLIST_KEY_UILaunchStoryboardName = LaunchScreen;
				INFOPLIST_KEY_UIMainStoryboardFile = Main;
				INFOPLIST_KEY_UISupportedInterfaceOrientations_iPad = "UIInterfaceOrientationPortrait UIInterfaceOrientationPortraitUpsideDown UIInterfaceOrientationLandscapeLeft UIInterfaceOrientationLandscapeRight";
				INFOPLIST_KEY_UISupportedInterfaceOrientations_iPhone = "UIInterfaceOrientationPortrait UIInterfaceOrientationLandscapeLeft UIInterfaceOrientationLandscapeRight";
				LD_RUNPATH_SEARCH_PATHS = (
					"$(inherited)",
					"@executable_path/Frameworks",
				);
				MARKETING_VERSION = 1.0;
				PRODUCT_BUNDLE_IDENTIFIER = com.tistory.88yhtserof.Today;
				PRODUCT_NAME = "$(TARGET_NAME)";
				SWIFT_EMIT_LOC_STRINGS = YES;
				SWIFT_VERSION = 5.0;
				TARGETED_DEVICE_FAMILY = "1,2";
			};
			name = Debug;
		};
		14AC34F92B68A607001AF47D /* Release */ = {
			isa = XCBuildConfiguration;
			buildSettings = {
				ASSETCATALOG_COMPILER_APPICON_NAME = AppIcon;
				ASSETCATALOG_COMPILER_GLOBAL_ACCENT_COLOR_NAME = AccentColor;
				CODE_SIGN_STYLE = Automatic;
				CURRENT_PROJECT_VERSION = 1;
				DEVELOPMENT_TEAM = ZQV4ZDQNW5;
				GENERATE_INFOPLIST_FILE = YES;
				INFOPLIST_FILE = Today/Info.plist;
				INFOPLIST_KEY_UIApplicationSupportsIndirectInputEvents = YES;
				INFOPLIST_KEY_UILaunchStoryboardName = LaunchScreen;
				INFOPLIST_KEY_UIMainStoryboardFile = Main;
				INFOPLIST_KEY_UISupportedInterfaceOrientations_iPad = "UIInterfaceOrientationPortrait UIInterfaceOrientationPortraitUpsideDown UIInterfaceOrientationLandscapeLeft UIInterfaceOrientationLandscapeRight";
				INFOPLIST_KEY_UISupportedInterfaceOrientations_iPhone = "UIInterfaceOrientationPortrait UIInterfaceOrientationLandscapeLeft UIInterfaceOrientationLandscapeRight";
				LD_RUNPATH_SEARCH_PATHS = (
					"$(inherited)",
					"@executable_path/Frameworks",
				);
				MARKETING_VERSION = 1.0;
				PRODUCT_BUNDLE_IDENTIFIER = com.tistory.88yhtserof.Today;
				PRODUCT_NAME = "$(TARGET_NAME)";
				SWIFT_EMIT_LOC_STRINGS = YES;
				SWIFT_VERSION = 5.0;
				TARGETED_DEVICE_FAMILY = "1,2";
			};
			name = Release;
		};
/* End XCBuildConfiguration section */

/* Begin XCConfigurationList section */
		14AC34DE2B68A606001AF47D /* Build configuration list for PBXProject "Today" */ = {
			isa = XCConfigurationList;
			buildConfigurations = (
				14AC34F52B68A607001AF47D /* Debug */,
				14AC34F62B68A607001AF47D /* Release */,
			);
			defaultConfigurationIsVisible = 0;
			defaultConfigurationName = Release;
		};
		14AC34F72B68A607001AF47D /* Build configuration list for PBXNativeTarget "Today" */ = {
			isa = XCConfigurationList;
			buildConfigurations = (
				14AC34F82B68A607001AF47D /* Debug */,
				14AC34F92B68A607001AF47D /* Release */,
			);
			defaultConfigurationIsVisible = 0;
			defaultConfigurationName = Release;
		};
/* End XCConfigurationList section */
	};
	rootObject = 14AC34DB2B68A606001AF47D /* Project object */;
}
